
Microsoft Visual Studio Solution File, Format Version 10.00
# Visual Studio 2008
Project("{FAE04EC0-301F-11D3-BF4B-00C04F79EFBC}") = "PDAClient", "PDAClient\PDAClient.csproj", "{25C592CF-B1EA-4B25-BF0C-702144A17180}"
EndProject
Project("{FAE04EC0-301F-11D3-BF4B-00C04F79EFBC}") = "PDAUpdate", "PDAUpdate\PDAUpdate.csproj", "{9D451D11-A3D9-4DB8-B0C8-996B5A5DEFA8}"
EndProject
Project("{FAE04EC0-301F-11D3-BF4B-00C04F79EFBC}") = "PDAUtils", "PDAUtils\PDAUtils.csproj", "{2F1ADF5E-4BF1-4A84-B794-7F0A6299F796}"
EndProject
Global
	GlobalSection(SolutionConfigurationPlatforms) = preSolution
		Debug|Any CPU = Debug|Any CPU
		Release|Any CPU = Release|Any CPU
	EndGlobalSection
	GlobalSection(ProjectConfigurationPlatforms) = postSolution
		{25C592CF-B1EA-4B25-BF0C-702144A17180}.Debug|Any CPU.ActiveCfg = Debug|Any CPU
		{25C592CF-B1EA-4B25-BF0C-702144A17180}.Debug|Any CPU.Build.0 = Debug|Any CPU
		{25C592CF-B1EA-4B25-BF0C-702144A17180}.Debug|Any CPU.Deploy.0 = Debug|Any CPU
		{25C592CF-B1EA-4B25-BF0C-702144A17180}.Release|Any CPU.ActiveCfg = Release|Any CPU
		{25C592CF-B1EA-4B25-BF0C-702144A17180}.Release|Any CPU.Build.0 = Release|Any CPU
		{25C592CF-B1EA-4B25-BF0C-702144A17180}.Release|Any CPU.Deploy.0 = Release|Any CPU
		{9D451D11-A3D9-4DB8-B0C8-996B5A5DEFA8}.Debug|Any CPU.ActiveCfg = Debug|Any CPU
		{9D451D11-A3D9-4DB8-B0C8-996B5A5DEFA8}.Debug|Any CPU.Build.0 = Debug|Any CPU
		{9D451D11-A3D9-4DB8-B0C8-996B5A5DEFA8}.Debug|Any CPU.Deploy.0 = Debug|Any CPU
		{9D451D11-A3D9-4DB8-B0C8-996B5A5DEFA8}.Release|Any CPU.ActiveCfg = Release|Any CPU
		{9D451D11-A3D9-4DB8-B0C8-996B5A5DEFA8}.Release|Any CPU.Build.0 = Release|Any CPU
		{9D451D11-A3D9-4DB8-B0C8-996B5A5DEFA8}.Release|Any CPU.Deploy.0 = Release|Any CPU
		{2F1ADF5E-4BF1-4A84-B794-7F0A6299F796}.Debug|Any CPU.ActiveCfg = Debug|Any CPU
		{2F1ADF5E-4BF1-4A84-B794-7F0A6299F796}.Debug|Any CPU.Build.0 = Debug|Any CPU
		{2F1ADF5E-4BF1-4A84-B794-7F0A6299F796}.Release|Any CPU.ActiveCfg = Release|Any CPU
		{2F1ADF5E-4BF1-4A84-B794-7F0A6299F796}.Release|Any CPU.Build.0 = Release|Any CPU
	EndGlobalSection
	GlobalSection(SolutionProperties) = preSolution
		HideSolutionNode = FALSE
	EndGlobalSection
EndGlobal
